
Microsoft Visual Studio Solution File, Format Version 11.00
# Visual Studio 2010
Project("{FAE04EC0-301F-11D3-BF4B-00C04F79EFBC}") = "SteamPilots", "SteamPilots.csproj", "{C698C619-5345-4E16-9A4B-304BFB7EABBE}"
EndProject
Project("{FAE04EC0-301F-11D3-BF4B-00C04F79EFBC}") = "SteamPilotsContent", "..\SteamPilotsContent\SteamPilotsContent.contentproj", "{4EC10A1F-10AC-4DAD-9E95-9AA4361B7293}"
EndProject
Global
	GlobalSection(SolutionConfigurationPlatforms) = preSolution
		Debug|x86 = Debug|x86
		Release|x86 = Release|x86
	EndGlobalSection
	GlobalSection(ProjectConfigurationPlatforms) = postSolution
		{C698C619-5345-4E16-9A4B-304BFB7EABBE}.Debug|x86.ActiveCfg = Debug|x86
		{C698C619-5345-4E16-9A4B-304BFB7EABBE}.Debug|x86.Build.0 = Debug|x86
		{C698C619-5345-4E16-9A4B-304BFB7EABBE}.Release|x86.ActiveCfg = Release|x86
		{C698C619-5345-4E16-9A4B-304BFB7EABBE}.Release|x86.Build.0 = Release|x86
		{4EC10A1F-10AC-4DAD-9E95-9AA4361B7293}.Debug|x86.ActiveCfg = Debug|x86
		{4EC10A1F-10AC-4DAD-9E95-9AA4361B7293}.Release|x86.ActiveCfg = Release|x86
	EndGlobalSection
	GlobalSection(SolutionProperties) = preSolution
		HideSolutionNode = FALSE
	EndGlobalSection
EndGlobal
